
Microsoft Visual Studio Solution File, Format Version 12.00
# Visual Studio Version 16
VisualStudioVersion = 16.0.33214.272
MinimumVisualStudioVersion = 10.0.40219.1
Project("{FAE04EC0-301F-11D3-BF4B-00C04F79EFBC}") = "library_otomation2", "library_otomation2\library_otomation2.csproj", "{B67FC3DB-43EB-4ADF-A167-A1DC4505E3D1}"
EndProject
Global
	GlobalSection(SolutionConfigurationPlatforms) = preSolution
		Debug|Any CPU = Debug|Any CPU
		Release|Any CPU = Release|Any CPU
	EndGlobalSection
	GlobalSection(ProjectConfigurationPlatforms) = postSolution
		{B67FC3DB-43EB-4ADF-A167-A1DC4505E3D1}.Debug|Any CPU.ActiveCfg = Debug|Any CPU
		{B67FC3DB-43EB-4ADF-A167-A1DC4505E3D1}.Debug|Any CPU.Build.0 = Debug|Any CPU
		{B67FC3DB-43EB-4ADF-A167-A1DC4505E3D1}.Release|Any CPU.ActiveCfg = Release|Any CPU
		{B67FC3DB-43EB-4ADF-A167-A1DC4505E3D1}.Release|Any CPU.Build.0 = Release|Any CPU
	EndGlobalSection
	GlobalSection(SolutionProperties) = preSolution
		HideSolutionNode = FALSE
	EndGlobalSection
	GlobalSection(ExtensibilityGlobals) = postSolution
		SolutionGuid = {D2AAC688-00C8-4E9B-9682-DA9957FA6AAF}
	EndGlobalSection
EndGlobal
